
Microsoft Visual Studio Solution File, Format Version 12.00
# Visual Studio Version 16
VisualStudioVersion = 16.0.32002.261
MinimumVisualStudioVersion = 10.0.40219.1
Project("{FAE04EC0-301F-11D3-BF4B-00C04F79EFBC}") = "CsharpFancy12", "CsharpFancy12\CsharpFancy12.csproj", "{11BC80DF-7D73-4BD3-808C-C908BB8EBCBA}"
EndProject
Global
	GlobalSection(SolutionConfigurationPlatforms) = preSolution
		Debug|Any CPU = Debug|Any CPU
		Release|Any CPU = Release|Any CPU
	EndGlobalSection
	GlobalSection(ProjectConfigurationPlatforms) = postSolution
		{11BC80DF-7D73-4BD3-808C-C908BB8EBCBA}.Debug|Any CPU.ActiveCfg = Debug|Any CPU
		{11BC80DF-7D73-4BD3-808C-C908BB8EBCBA}.Debug|Any CPU.Build.0 = Debug|Any CPU
		{11BC80DF-7D73-4BD3-808C-C908BB8EBCBA}.Release|Any CPU.ActiveCfg = Release|Any CPU
		{11BC80DF-7D73-4BD3-808C-C908BB8EBCBA}.Release|Any CPU.Build.0 = Release|Any CPU
	EndGlobalSection
	GlobalSection(SolutionProperties) = preSolution
		HideSolutionNode = FALSE
	EndGlobalSection
	GlobalSection(ExtensibilityGlobals) = postSolution
		SolutionGuid = {037D36A8-CB52-418C-852F-F2E3C3441C8C}
	EndGlobalSection
EndGlobal
